
Microsoft Visual Studio Solution File, Format Version 12.00
# Visual Studio Version 17
VisualStudioVersion = 17.8.34525.116
MinimumVisualStudioVersion = 10.0.40219.1
Project("{9A19103F-16F7-4668-BE54-9A1E7A4F7556}") = "CLDV6212_Ice_Three_Functions", "CLDV6212_Ice_Three_Functions\CLDV6212_Ice_Three_Functions.csproj", "{57E2A67E-CA3E-44D9-8958-DE3A3B1067E3}"
EndProject
Global
	GlobalSection(SolutionConfigurationPlatforms) = preSolution
		Debug|Any CPU = Debug|Any CPU
		Release|Any CPU = Release|Any CPU
	EndGlobalSection
	GlobalSection(ProjectConfigurationPlatforms) = postSolution
		{57E2A67E-CA3E-44D9-8958-DE3A3B1067E3}.Debug|Any CPU.ActiveCfg = Debug|Any CPU
		{57E2A67E-CA3E-44D9-8958-DE3A3B1067E3}.Debug|Any CPU.Build.0 = Debug|Any CPU
		{57E2A67E-CA3E-44D9-8958-DE3A3B1067E3}.Release|Any CPU.ActiveCfg = Release|Any CPU
		{57E2A67E-CA3E-44D9-8958-DE3A3B1067E3}.Release|Any CPU.Build.0 = Release|Any CPU
	EndGlobalSection
	GlobalSection(SolutionProperties) = preSolution
		HideSolutionNode = FALSE
	EndGlobalSection
	GlobalSection(ExtensibilityGlobals) = postSolution
		SolutionGuid = {89D8D929-2C68-4542-BAE6-99280A77A277}
	EndGlobalSection
EndGlobal
